
Microsoft Visual Studio Solution File, Format Version 12.00
# Visual Studio Version 16
VisualStudioVersion = 16.0.30804.86
MinimumVisualStudioVersion = 10.0.40219.1
Project("{FAE04EC0-301F-11D3-BF4B-00C04F79EFBC}") = "SalesWebMvc", "SalesWebMvc\SalesWebMvc.csproj", "{06D5B862-1DB1-4372-89A8-A1AA2BA1C18B}"
EndProject
Global
	GlobalSection(SolutionConfigurationPlatforms) = preSolution
		Debug|Any CPU = Debug|Any CPU
		Release|Any CPU = Release|Any CPU
	EndGlobalSection
	GlobalSection(ProjectConfigurationPlatforms) = postSolution
		{06D5B862-1DB1-4372-89A8-A1AA2BA1C18B}.Debug|Any CPU.ActiveCfg = Debug|Any CPU
		{06D5B862-1DB1-4372-89A8-A1AA2BA1C18B}.Debug|Any CPU.Build.0 = Debug|Any CPU
		{06D5B862-1DB1-4372-89A8-A1AA2BA1C18B}.Release|Any CPU.ActiveCfg = Release|Any CPU
		{06D5B862-1DB1-4372-89A8-A1AA2BA1C18B}.Release|Any CPU.Build.0 = Release|Any CPU
	EndGlobalSection
	GlobalSection(SolutionProperties) = preSolution
		HideSolutionNode = FALSE
	EndGlobalSection
	GlobalSection(ExtensibilityGlobals) = postSolution
		SolutionGuid = {407FCDF0-AA7C-4455-8108-9E7078427B87}
	EndGlobalSection
EndGlobal
